
Microsoft Visual Studio Solution File, Format Version 12.00
# Visual Studio 15
VisualStudioVersion = 15.0.26124.0
MinimumVisualStudioVersion = 15.0.26124.0
Project("{2150E333-8FDC-42A3-9474-1A3956D46DE8}") = "src", "src", "{C48E5977-7AE8-4262-A887-91AD2D83C75B}"
EndProject
Project("{FAE04EC0-301F-11D3-BF4B-00C04F79EFBC}") = "XLogger.Adapters.MongoDB", "src\XLogger.Adapters.MongoDB\XLogger.Adapters.MongoDB.csproj", "{8846CEE2-C512-4E15-BB60-64F554593F4A}"
EndProject
Global
	GlobalSection(SolutionConfigurationPlatforms) = preSolution
		Debug|Any CPU = Debug|Any CPU
		Debug|x64 = Debug|x64
		Debug|x86 = Debug|x86
		Release|Any CPU = Release|Any CPU
		Release|x64 = Release|x64
		Release|x86 = Release|x86
	EndGlobalSection
	GlobalSection(SolutionProperties) = preSolution
		HideSolutionNode = FALSE
	EndGlobalSection
	GlobalSection(ProjectConfigurationPlatforms) = postSolution
		{8846CEE2-C512-4E15-BB60-64F554593F4A}.Debug|Any CPU.ActiveCfg = Debug|Any CPU
		{8846CEE2-C512-4E15-BB60-64F554593F4A}.Debug|Any CPU.Build.0 = Debug|Any CPU
		{8846CEE2-C512-4E15-BB60-64F554593F4A}.Debug|x64.ActiveCfg = Debug|Any CPU
		{8846CEE2-C512-4E15-BB60-64F554593F4A}.Debug|x64.Build.0 = Debug|Any CPU
		{8846CEE2-C512-4E15-BB60-64F554593F4A}.Debug|x86.ActiveCfg = Debug|Any CPU
		{8846CEE2-C512-4E15-BB60-64F554593F4A}.Debug|x86.Build.0 = Debug|Any CPU
		{8846CEE2-C512-4E15-BB60-64F554593F4A}.Release|Any CPU.ActiveCfg = Release|Any CPU
		{8846CEE2-C512-4E15-BB60-64F554593F4A}.Release|Any CPU.Build.0 = Release|Any CPU
		{8846CEE2-C512-4E15-BB60-64F554593F4A}.Release|x64.ActiveCfg = Release|Any CPU
		{8846CEE2-C512-4E15-BB60-64F554593F4A}.Release|x64.Build.0 = Release|Any CPU
		{8846CEE2-C512-4E15-BB60-64F554593F4A}.Release|x86.ActiveCfg = Release|Any CPU
		{8846CEE2-C512-4E15-BB60-64F554593F4A}.Release|x86.Build.0 = Release|Any CPU
	EndGlobalSection
	GlobalSection(NestedProjects) = preSolution
		{8846CEE2-C512-4E15-BB60-64F554593F4A} = {C48E5977-7AE8-4262-A887-91AD2D83C75B}
	EndGlobalSection
EndGlobal
